
Microsoft Visual Studio Solution File, Format Version 12.00
# Visual Studio Version 17
VisualStudioVersion = 17.9.34616.47
MinimumVisualStudioVersion = 10.0.40219.1
Project("{8BC9CEB8-8B4A-11D0-8D11-00A0C91BC942}") = "StreamReaderandWriter_0161", "StreamReaderandWriter_0161.vcxproj", "{9DEA20CD-52D6-4F31-989D-8FE9D3C363E4}"
EndProject
Project("{8BC9CEB8-8B4A-11D0-8D11-00A0C91BC942}") = "IoFileWihtPath", "ConsoleApplication1\ConsoleApplication1.vcxproj", "{1BBC8726-D75F-4426-9FCD-A6F0820AFE09}"
EndProject
Project("{8BC9CEB8-8B4A-11D0-8D11-00A0C91BC942}") = "ManualException", "ManualException\ManualException.vcxproj", "{EA26ED72-8DA2-4A73-B656-E18A7B40749C}"
EndProject
Global
	GlobalSection(SolutionConfigurationPlatforms) = preSolution
		Debug|x64 = Debug|x64
		Debug|x86 = Debug|x86
		Release|x64 = Release|x64
		Release|x86 = Release|x86
	EndGlobalSection
	GlobalSection(ProjectConfigurationPlatforms) = postSolution
		{9DEA20CD-52D6-4F31-989D-8FE9D3C363E4}.Debug|x64.ActiveCfg = Debug|x64
		{9DEA20CD-52D6-4F31-989D-8FE9D3C363E4}.Debug|x64.Build.0 = Debug|x64
		{9DEA20CD-52D6-4F31-989D-8FE9D3C363E4}.Debug|x86.ActiveCfg = Debug|Win32
		{9DEA20CD-52D6-4F31-989D-8FE9D3C363E4}.Debug|x86.Build.0 = Debug|Win32
		{9DEA20CD-52D6-4F31-989D-8FE9D3C363E4}.Release|x64.ActiveCfg = Release|x64
		{9DEA20CD-52D6-4F31-989D-8FE9D3C363E4}.Release|x64.Build.0 = Release|x64
		{9DEA20CD-52D6-4F31-989D-8FE9D3C363E4}.Release|x86.ActiveCfg = Release|Win32
		{9DEA20CD-52D6-4F31-989D-8FE9D3C363E4}.Release|x86.Build.0 = Release|Win32
		{1BBC8726-D75F-4426-9FCD-A6F0820AFE09}.Debug|x64.ActiveCfg = Debug|x64
		{1BBC8726-D75F-4426-9FCD-A6F0820AFE09}.Debug|x64.Build.0 = Debug|x64
		{1BBC8726-D75F-4426-9FCD-A6F0820AFE09}.Debug|x86.ActiveCfg = Debug|Win32
		{1BBC8726-D75F-4426-9FCD-A6F0820AFE09}.Debug|x86.Build.0 = Debug|Win32
		{1BBC8726-D75F-4426-9FCD-A6F0820AFE09}.Release|x64.ActiveCfg = Release|x64
		{1BBC8726-D75F-4426-9FCD-A6F0820AFE09}.Release|x64.Build.0 = Release|x64
		{1BBC8726-D75F-4426-9FCD-A6F0820AFE09}.Release|x86.ActiveCfg = Release|Win32
		{1BBC8726-D75F-4426-9FCD-A6F0820AFE09}.Release|x86.Build.0 = Release|Win32
		{EA26ED72-8DA2-4A73-B656-E18A7B40749C}.Debug|x64.ActiveCfg = Debug|x64
		{EA26ED72-8DA2-4A73-B656-E18A7B40749C}.Debug|x64.Build.0 = Debug|x64
		{EA26ED72-8DA2-4A73-B656-E18A7B40749C}.Debug|x86.ActiveCfg = Debug|Win32
		{EA26ED72-8DA2-4A73-B656-E18A7B40749C}.Debug|x86.Build.0 = Debug|Win32
		{EA26ED72-8DA2-4A73-B656-E18A7B40749C}.Release|x64.ActiveCfg = Release|x64
		{EA26ED72-8DA2-4A73-B656-E18A7B40749C}.Release|x64.Build.0 = Release|x64
		{EA26ED72-8DA2-4A73-B656-E18A7B40749C}.Release|x86.ActiveCfg = Release|Win32
		{EA26ED72-8DA2-4A73-B656-E18A7B40749C}.Release|x86.Build.0 = Release|Win32
	EndGlobalSection
	GlobalSection(SolutionProperties) = preSolution
		HideSolutionNode = FALSE
	EndGlobalSection
	GlobalSection(ExtensibilityGlobals) = postSolution
		SolutionGuid = {10F5246A-B5BE-4803-904F-91C763548B1F}
	EndGlobalSection
EndGlobal
